
Microsoft Visual Studio Solution File, Format Version 12.00
# Visual Studio Version 17
VisualStudioVersion = 17.0.32112.339
MinimumVisualStudioVersion = 10.0.40219.1
Project("{9A19103F-16F7-4668-BE54-9A1E7A4F7556}") = "LIMS", "LIMS\LIMS.csproj", "{BEEB31D2-2619-4F33-A4E0-E84357E2F385}"
EndProject
Project("{2150E333-8FDC-42A3-9474-1A3956D46DE8}") = "Solution Items", "Solution Items", "{38249614-64DE-42D0-A709-E269ED0A1789}"
	ProjectSection(SolutionItems) = preProject
		.editorconfig = .editorconfig
	EndProjectSection
EndProject
Global
	GlobalSection(SolutionConfigurationPlatforms) = preSolution
		Debug|Any CPU = Debug|Any CPU
		Release|Any CPU = Release|Any CPU
	EndGlobalSection
	GlobalSection(ProjectConfigurationPlatforms) = postSolution
		{BEEB31D2-2619-4F33-A4E0-E84357E2F385}.Debug|Any CPU.ActiveCfg = Debug|Any CPU
		{BEEB31D2-2619-4F33-A4E0-E84357E2F385}.Debug|Any CPU.Build.0 = Debug|Any CPU
		{BEEB31D2-2619-4F33-A4E0-E84357E2F385}.Release|Any CPU.ActiveCfg = Release|Any CPU
		{BEEB31D2-2619-4F33-A4E0-E84357E2F385}.Release|Any CPU.Build.0 = Release|Any CPU
	EndGlobalSection
	GlobalSection(SolutionProperties) = preSolution
		HideSolutionNode = FALSE
	EndGlobalSection
	GlobalSection(ExtensibilityGlobals) = postSolution
		SolutionGuid = {91B03489-78C2-4E60-AD20-FBC531DE3DA4}
	EndGlobalSection
EndGlobal
